
Microsoft Visual Studio Solution File, Format Version 12.00
# Visual Studio Version 17
VisualStudioVersion = 17.6.33723.286
MinimumVisualStudioVersion = 10.0.40219.1
Project("{FAE04EC0-301F-11D3-BF4B-00C04F79EFBC}") = "Diary", "Diary\Diary.csproj", "{332EB143-9551-48D1-A09D-743279527964}"
EndProject
Global
	GlobalSection(SolutionConfigurationPlatforms) = preSolution
		Debug|Any CPU = Debug|Any CPU
		Release|Any CPU = Release|Any CPU
	EndGlobalSection
	GlobalSection(ProjectConfigurationPlatforms) = postSolution
		{332EB143-9551-48D1-A09D-743279527964}.Debug|Any CPU.ActiveCfg = Debug|Any CPU
		{332EB143-9551-48D1-A09D-743279527964}.Debug|Any CPU.Build.0 = Debug|Any CPU
		{332EB143-9551-48D1-A09D-743279527964}.Release|Any CPU.ActiveCfg = Release|Any CPU
		{332EB143-9551-48D1-A09D-743279527964}.Release|Any CPU.Build.0 = Release|Any CPU
	EndGlobalSection
	GlobalSection(SolutionProperties) = preSolution
		HideSolutionNode = FALSE
	EndGlobalSection
	GlobalSection(ExtensibilityGlobals) = postSolution
		SolutionGuid = {D53DC0F9-EAC2-4D4A-A605-5ACAB023D0C0}
	EndGlobalSection
EndGlobal
